// !$*UTF8*$!
{
	archiveVersion = 1;
	classes = {
	};
	objectVersion = 56;
	objects = {

/* Begin PBXBuildFile section */
		D54F3B462BDC73D5008D36E2 /* MealMateDetailedTests.swift in Sources */ = {isa = PBXBuildFile; fileRef = D54F3B452BDC73D5008D36E2 /* MealMateDetailedTests.swift */; };
		D5FA19902BDC5D7600C2527D /* MealExplorerApp.swift in Sources */ = {isa = PBXBuildFile; fileRef = D5FA198F2BDC5D7600C2527D /* MealExplorerApp.swift */; };
		D5FA19922BDC5D7600C2527D /* ContentView.swift in Sources */ = {isa = PBXBuildFile; fileRef = D5FA19912BDC5D7600C2527D /* ContentView.swift */; };
		D5FA19942BDC5D7700C2527D /* Assets.xcassets in Resources */ = {isa = PBXBuildFile; fileRef = D5FA19932BDC5D7700C2527D /* Assets.xcassets */; };
		D5FA19972BDC5D7700C2527D /* Preview Assets.xcassets in Resources */ = {isa = PBXBuildFile; fileRef = D5FA19962BDC5D7700C2527D /* Preview Assets.xcassets */; };
		D5FA19A12BDC5D7800C2527D /* MealExplorerTests.swift in Sources */ = {isa = PBXBuildFile; fileRef = D5FA19A02BDC5D7800C2527D /* MealExplorerTests.swift */; };
		D5FA19AB2BDC5D7800C2527D /* MealExplorerUITests.swift in Sources */ = {isa = PBXBuildFile; fileRef = D5FA19AA2BDC5D7800C2527D /* MealExplorerUITests.swift */; };
		D5FA19AD2BDC5D7800C2527D /* MealExplorerUITestsLaunchTests.swift in Sources */ = {isa = PBXBuildFile; fileRef = D5FA19AC2BDC5D7800C2527D /* MealExplorerUITestsLaunchTests.swift */; };
		D5FA19C02BDC616500C2527D /* MealDetailedServiceProtocol.swift in Sources */ = {isa = PBXBuildFile; fileRef = D5FA19BE2BDC616500C2527D /* MealDetailedServiceProtocol.swift */; };
		D5FA19C12BDC616500C2527D /* MealServiceProtocol.swift in Sources */ = {isa = PBXBuildFile; fileRef = D5FA19BF2BDC616500C2527D /* MealServiceProtocol.swift */; };
		D5FA19C42BDC617700C2527D /* MealDetailedViewModel.swift in Sources */ = {isa = PBXBuildFile; fileRef = D5FA19C22BDC617700C2527D /* MealDetailedViewModel.swift */; };
		D5FA19C52BDC617700C2527D /* MealViewModel.swift in Sources */ = {isa = PBXBuildFile; fileRef = D5FA19C32BDC617700C2527D /* MealViewModel.swift */; };
		D5FA19C82BDC618300C2527D /* MealService.swift in Sources */ = {isa = PBXBuildFile; fileRef = D5FA19C62BDC618300C2527D /* MealService.swift */; };
		D5FA19C92BDC618300C2527D /* MealDetailedService.swift in Sources */ = {isa = PBXBuildFile; fileRef = D5FA19C72BDC618300C2527D /* MealDetailedService.swift */; };
		D5FA19CC2BDC618E00C2527D /* MealDetailedView.swift in Sources */ = {isa = PBXBuildFile; fileRef = D5FA19CA2BDC618E00C2527D /* MealDetailedView.swift */; };
		D5FA19CD2BDC618E00C2527D /* MealView.swift in Sources */ = {isa = PBXBuildFile; fileRef = D5FA19CB2BDC618E00C2527D /* MealView.swift */; };
		D5FA19D02BDC619A00C2527D /* MealResponse.swift in Sources */ = {isa = PBXBuildFile; fileRef = D5FA19CE2BDC619A00C2527D /* MealResponse.swift */; };
		D5FA19D12BDC619A00C2527D /* MealDetailedResponse.swift in Sources */ = {isa = PBXBuildFile; fileRef = D5FA19CF2BDC619A00C2527D /* MealDetailedResponse.swift */; };
		D5FA19D82BDC628900C2527D /* MockDetailedFailureMealService.swift in Sources */ = {isa = PBXBuildFile; fileRef = D5FA19D22BDC628900C2527D /* MockDetailedFailureMealService.swift */; };
		D5FA19D92BDC628900C2527D /* MockFailureService.swift in Sources */ = {isa = PBXBuildFile; fileRef = D5FA19D32BDC628900C2527D /* MockFailureService.swift */; };
		D5FA19DA2BDC628900C2527D /* MockEmptyMealService.swift in Sources */ = {isa = PBXBuildFile; fileRef = D5FA19D42BDC628900C2527D /* MockEmptyMealService.swift */; };
		D5FA19DB2BDC628900C2527D /* MockMealService.swift in Sources */ = {isa = PBXBuildFile; fileRef = D5FA19D52BDC628900C2527D /* MockMealService.swift */; };
		D5FA19DC2BDC628900C2527D /* MockDetailedService.swift in Sources */ = {isa = PBXBuildFile; fileRef = D5FA19D62BDC628900C2527D /* MockDetailedService.swift */; };
		D5FA19DD2BDC628900C2527D /* MockDetailedEmptyMealService.swift in Sources */ = {isa = PBXBuildFile; fileRef = D5FA19D72BDC628900C2527D /* MockDetailedEmptyMealService.swift */; };
/* End PBXBuildFile section */

/* Begin PBXContainerItemProxy section */
		D5FA199D2BDC5D7800C2527D /* PBXContainerItemProxy */ = {
			isa = PBXContainerItemProxy;
			containerPortal = D5FA19842BDC5D7600C2527D /* Project object */;
			proxyType = 1;
			remoteGlobalIDString = D5FA198B2BDC5D7600C2527D;
			remoteInfo = MealExplorer;
		};
		D5FA19A72BDC5D7800C2527D /* PBXContainerItemProxy */ = {
			isa = PBXContainerItemProxy;
			containerPortal = D5FA19842BDC5D7600C2527D /* Project object */;
			proxyType = 1;
			remoteGlobalIDString = D5FA198B2BDC5D7600C2527D;
			remoteInfo = MealExplorer;
		};
/* End PBXContainerItemProxy section */

/* Begin PBXFileReference section */
		D54F3B452BDC73D5008D36E2 /* MealMateDetailedTests.swift */ = {isa = PBXFileReference; fileEncoding = 4; lastKnownFileType = sourcecode.swift; path = MealMateDetailedTests.swift; sourceTree = "<group>"; };
		D5FA198C2BDC5D7600C2527D /* MealExplorer.app */ = {isa = PBXFileReference; explicitFileType = wrapper.application; includeInIndex = 0; path = MealExplorer.app; sourceTree = BUILT_PRODUCTS_DIR; };
		D5FA198F2BDC5D7600C2527D /* MealExplorerApp.swift */ = {isa = PBXFileReference; lastKnownFileType = sourcecode.swift; path = MealExplorerApp.swift; sourceTree = "<group>"; };
		D5FA19912BDC5D7600C2527D /* ContentView.swift */ = {isa = PBXFileReference; lastKnownFileType = sourcecode.swift; path = ContentView.swift; sourceTree = "<group>"; };
		D5FA19932BDC5D7700C2527D /* Assets.xcassets */ = {isa = PBXFileReference; lastKnownFileType = folder.assetcatalog; path = Assets.xcassets; sourceTree = "<group>"; };
		D5FA19962BDC5D7700C2527D /* Preview Assets.xcassets */ = {isa = PBXFileReference; lastKnownFileType = folder.assetcatalog; path = "Preview Assets.xcassets"; sourceTree = "<group>"; };
		D5FA199C2BDC5D7800C2527D /* MealExplorerTests.xctest */ = {isa = PBXFileReference; explicitFileType = wrapper.cfbundle; includeInIndex = 0; path = MealExplorerTests.xctest; sourceTree = BUILT_PRODUCTS_DIR; };
		D5FA19A02BDC5D7800C2527D /* MealExplorerTests.swift */ = {isa = PBXFileReference; lastKnownFileType = sourcecode.swift; path = MealExplorerTests.swift; sourceTree = "<group>"; };
		D5FA19A62BDC5D7800C2527D /* MealExplorerUITests.xctest */ = {isa = PBXFileReference; explicitFileType = wrapper.cfbundle; includeInIndex = 0; path = MealExplorerUITests.xctest; sourceTree = BUILT_PRODUCTS_DIR; };
		D5FA19AA2BDC5D7800C2527D /* MealExplorerUITests.swift */ = {isa = PBXFileReference; lastKnownFileType = sourcecode.swift; path = MealExplorerUITests.swift; sourceTree = "<group>"; };
		D5FA19AC2BDC5D7800C2527D /* MealExplorerUITestsLaunchTests.swift */ = {isa = PBXFileReference; lastKnownFileType = sourcecode.swift; path = MealExplorerUITestsLaunchTests.swift; sourceTree = "<group>"; };
		D5FA19BE2BDC616500C2527D /* MealDetailedServiceProtocol.swift */ = {isa = PBXFileReference; fileEncoding = 4; lastKnownFileType = sourcecode.swift; path = MealDetailedServiceProtocol.swift; sourceTree = "<group>"; };
		D5FA19BF2BDC616500C2527D /* MealServiceProtocol.swift */ = {isa = PBXFileReference; fileEncoding = 4; lastKnownFileType = sourcecode.swift; path = MealServiceProtocol.swift; sourceTree = "<group>"; };
		D5FA19C22BDC617700C2527D /* MealDetailedViewModel.swift */ = {isa = PBXFileReference; fileEncoding = 4; lastKnownFileType = sourcecode.swift; path = MealDetailedViewModel.swift; sourceTree = "<group>"; };
		D5FA19C32BDC617700C2527D /* MealViewModel.swift */ = {isa = PBXFileReference; fileEncoding = 4; lastKnownFileType = sourcecode.swift; path = MealViewModel.swift; sourceTree = "<group>"; };
		D5FA19C62BDC618300C2527D /* MealService.swift */ = {isa = PBXFileReference; fileEncoding = 4; lastKnownFileType = sourcecode.swift; path = MealService.swift; sourceTree = "<group>"; };
		D5FA19C72BDC618300C2527D /* MealDetailedService.swift */ = {isa = PBXFileReference; fileEncoding = 4; lastKnownFileType = sourcecode.swift; path = MealDetailedService.swift; sourceTree = "<group>"; };
		D5FA19CA2BDC618E00C2527D /* MealDetailedView.swift */ = {isa = PBXFileReference; fileEncoding = 4; lastKnownFileType = sourcecode.swift; path = MealDetailedView.swift; sourceTree = "<group>"; };
		D5FA19CB2BDC618E00C2527D /* MealView.swift */ = {isa = PBXFileReference; fileEncoding = 4; lastKnownFileType = sourcecode.swift; path = MealView.swift; sourceTree = "<group>"; };
		D5FA19CE2BDC619A00C2527D /* MealResponse.swift */ = {isa = PBXFileReference; fileEncoding = 4; lastKnownFileType = sourcecode.swift; path = MealResponse.swift; sourceTree = "<group>"; };
		D5FA19CF2BDC619A00C2527D /* MealDetailedResponse.swift */ = {isa = PBXFileReference; fileEncoding = 4; lastKnownFileType = sourcecode.swift; path = MealDetailedResponse.swift; sourceTree = "<group>"; };
		D5FA19D22BDC628900C2527D /* MockDetailedFailureMealService.swift */ = {isa = PBXFileReference; fileEncoding = 4; lastKnownFileType = sourcecode.swift; path = MockDetailedFailureMealService.swift; sourceTree = "<group>"; };
		D5FA19D32BDC628900C2527D /* MockFailureService.swift */ = {isa = PBXFileReference; fileEncoding = 4; lastKnownFileType = sourcecode.swift; path = MockFailureService.swift; sourceTree = "<group>"; };
		D5FA19D42BDC628900C2527D /* MockEmptyMealService.swift */ = {isa = PBXFileReference; fileEncoding = 4; lastKnownFileType = sourcecode.swift; path = MockEmptyMealService.swift; sourceTree = "<group>"; };
		D5FA19D52BDC628900C2527D /* MockMealService.swift */ = {isa = PBXFileReference; fileEncoding = 4; lastKnownFileType = sourcecode.swift; path = MockMealService.swift; sourceTree = "<group>"; };
		D5FA19D62BDC628900C2527D /* MockDetailedService.swift */ = {isa = PBXFileReference; fileEncoding = 4; lastKnownFileType = sourcecode.swift; path = MockDetailedService.swift; sourceTree = "<group>"; };
		D5FA19D72BDC628900C2527D /* MockDetailedEmptyMealService.swift */ = {isa = PBXFileReference; fileEncoding = 4; lastKnownFileType = sourcecode.swift; path = MockDetailedEmptyMealService.swift; sourceTree = "<group>"; };
/* End PBXFileReference section */

/* Begin PBXFrameworksBuildPhase section */
		D5FA19892BDC5D7600C2527D /* Frameworks */ = {
			isa = PBXFrameworksBuildPhase;
			buildActionMask = 2147483647;
			files = (
			);
			runOnlyForDeploymentPostprocessing = 0;
		};
		D5FA19992BDC5D7800C2527D /* Frameworks */ = {
			isa = PBXFrameworksBuildPhase;
			buildActionMask = 2147483647;
			files = (
			);
			runOnlyForDeploymentPostprocessing = 0;
		};
		D5FA19A32BDC5D7800C2527D /* Frameworks */ = {
			isa = PBXFrameworksBuildPhase;
			buildActionMask = 2147483647;
			files = (
			);
			runOnlyForDeploymentPostprocessing = 0;
		};
/* End PBXFrameworksBuildPhase section */

/* Begin PBXGroup section */
		D5FA19832BDC5D7600C2527D = {
			isa = PBXGroup;
			children = (
				D5FA198E2BDC5D7600C2527D /* MealExplorer */,
				D5FA199F2BDC5D7800C2527D /* MealExplorerTests */,
				D5FA19A92BDC5D7800C2527D /* MealExplorerUITests */,
				D5FA198D2BDC5D7600C2527D /* Products */,
			);
			sourceTree = "<group>";
		};
		D5FA198D2BDC5D7600C2527D /* Products */ = {
			isa = PBXGroup;
			children = (
				D5FA198C2BDC5D7600C2527D /* MealExplorer.app */,
				D5FA199C2BDC5D7800C2527D /* MealExplorerTests.xctest */,
				D5FA19A62BDC5D7800C2527D /* MealExplorerUITests.xctest */,
			);
			name = Products;
			sourceTree = "<group>";
		};
		D5FA198E2BDC5D7600C2527D /* MealExplorer */ = {
			isa = PBXGroup;
			children = (
				D5FA19BD2BDC612800C2527D /* Model */,
				D5FA19BC2BDC611E00C2527D /* View */,
				D5FA19BB2BDC611600C2527D /* Networking */,
				D5FA19BA2BDC611000C2527D /* ViewModel */,
				D5FA19B92BDC60FB00C2527D /* Protocol */,
				D5FA198F2BDC5D7600C2527D /* MealExplorerApp.swift */,
				D5FA19912BDC5D7600C2527D /* ContentView.swift */,
				D5FA19932BDC5D7700C2527D /* Assets.xcassets */,
				D5FA19952BDC5D7700C2527D /* Preview Content */,
			);
			path = MealExplorer;
			sourceTree = "<group>";
		};
		D5FA19952BDC5D7700C2527D /* Preview Content */ = {
			isa = PBXGroup;
			children = (
				D5FA19962BDC5D7700C2527D /* Preview Assets.xcassets */,
			);
			path = "Preview Content";
			sourceTree = "<group>";
		};
		D5FA199F2BDC5D7800C2527D /* MealExplorerTests */ = {
			isa = PBXGroup;
			children = (
				D54F3B452BDC73D5008D36E2 /* MealMateDetailedTests.swift */,
				D5FA19DE2BDC675E00C2527D /* Mocks */,
				D5FA19A02BDC5D7800C2527D /* MealExplorerTests.swift */,
			);
			path = MealExplorerTests;
			sourceTree = "<group>";
		};
		D5FA19A92BDC5D7800C2527D /* MealExplorerUITests */ = {
			isa = PBXGroup;
			children = (
				D5FA19AA2BDC5D7800C2527D /* MealExplorerUITests.swift */,
				D5FA19AC2BDC5D7800C2527D /* MealExplorerUITestsLaunchTests.swift */,
			);
			path = MealExplorerUITests;
			sourceTree = "<group>";
		};
		D5FA19B92BDC60FB00C2527D /* Protocol */ = {
			isa = PBXGroup;
			children = (
				D5FA19BE2BDC616500C2527D /* MealDetailedServiceProtocol.swift */,
				D5FA19BF2BDC616500C2527D /* MealServiceProtocol.swift */,
			);
			path = Protocol;
			sourceTree = "<group>";
		};
		D5FA19BA2BDC611000C2527D /* ViewModel */ = {
			isa = PBXGroup;
			children = (
				D5FA19C22BDC617700C2527D /* MealDetailedViewModel.swift */,
				D5FA19C32BDC617700C2527D /* MealViewModel.swift */,
			);
			path = ViewModel;
			sourceTree = "<group>";
		};
		D5FA19BB2BDC611600C2527D /* Networking */ = {
			isa = PBXGroup;
			children = (
				D5FA19C72BDC618300C2527D /* MealDetailedService.swift */,
				D5FA19C62BDC618300C2527D /* MealService.swift */,
			);
			path = Networking;
			sourceTree = "<group>";
		};
		D5FA19BC2BDC611E00C2527D /* View */ = {
			isa = PBXGroup;
			children = (
				D5FA19CA2BDC618E00C2527D /* MealDetailedView.swift */,
				D5FA19CB2BDC618E00C2527D /* MealView.swift */,
			);
			path = View;
			sourceTree = "<group>";
		};
		D5FA19BD2BDC612800C2527D /* Model */ = {
			isa = PBXGroup;
			children = (
				D5FA19CF2BDC619A00C2527D /* MealDetailedResponse.swift */,
				D5FA19CE2BDC619A00C2527D /* MealResponse.swift */,
			);
			path = Model;
			sourceTree = "<group>";
		};
		D5FA19DE2BDC675E00C2527D /* Mocks */ = {
			isa = PBXGroup;
			children = (
				D5FA19D52BDC628900C2527D /* MockMealService.swift */,
				D5FA19D32BDC628900C2527D /* MockFailureService.swift */,
				D5FA19D42BDC628900C2527D /* MockEmptyMealService.swift */,
				D5FA19D62BDC628900C2527D /* MockDetailedService.swift */,
				D5FA19D22BDC628900C2527D /* MockDetailedFailureMealService.swift */,
				D5FA19D72BDC628900C2527D /* MockDetailedEmptyMealService.swift */,
			);
			path = Mocks;
			sourceTree = "<group>";
		};
/* End PBXGroup section */

/* Begin PBXNativeTarget section */
		D5FA198B2BDC5D7600C2527D /* MealExplorer */ = {
			isa = PBXNativeTarget;
			buildConfigurationList = D5FA19B02BDC5D7800C2527D /* Build configuration list for PBXNativeTarget "MealExplorer" */;
			buildPhases = (
				D5FA19882BDC5D7600C2527D /* Sources */,
				D5FA19892BDC5D7600C2527D /* Frameworks */,
				D5FA198A2BDC5D7600C2527D /* Resources */,
			);
			buildRules = (
			);
			dependencies = (
			);
			name = MealExplorer;
			productName = MealExplorer;
			productReference = D5FA198C2BDC5D7600C2527D /* MealExplorer.app */;
			productType = "com.apple.product-type.application";
		};
		D5FA199B2BDC5D7800C2527D /* MealExplorerTests */ = {
			isa = PBXNativeTarget;
			buildConfigurationList = D5FA19B32BDC5D7800C2527D /* Build configuration list for PBXNativeTarget "MealExplorerTests" */;
			buildPhases = (
				D5FA19982BDC5D7800C2527D /* Sources */,
				D5FA19992BDC5D7800C2527D /* Frameworks */,
				D5FA199A2BDC5D7800C2527D /* Resources */,
			);
			buildRules = (
			);
			dependencies = (
				D5FA199E2BDC5D7800C2527D /* PBXTargetDependency */,
			);
			name = MealExplorerTests;
			productName = MealExplorerTests;
			productReference = D5FA199C2BDC5D7800C2527D /* MealExplorerTests.xctest */;
			productType = "com.apple.product-type.bundle.unit-test";
		};
		D5FA19A52BDC5D7800C2527D /* MealExplorerUITests */ = {
			isa = PBXNativeTarget;
			buildConfigurationList = D5FA19B62BDC5D7800C2527D /* Build configuration list for PBXNativeTarget "MealExplorerUITests" */;
			buildPhases = (
				D5FA19A22BDC5D7800C2527D /* Sources */,
				D5FA19A32BDC5D7800C2527D /* Frameworks */,
				D5FA19A42BDC5D7800C2527D /* Resources */,
			);
			buildRules = (
			);
			dependencies = (
				D5FA19A82BDC5D7800C2527D /* PBXTargetDependency */,
			);
			name = MealExplorerUITests;
			productName = MealExplorerUITests;
			productReference = D5FA19A62BDC5D7800C2527D /* MealExplorerUITests.xctest */;
			productType = "com.apple.product-type.bundle.ui-testing";
		};
/* End PBXNativeTarget section */

/* Begin PBXProject section */
		D5FA19842BDC5D7600C2527D /* Project object */ = {
			isa = PBXProject;
			attributes = {
				BuildIndependentTargetsInParallel = 1;
				LastSwiftUpdateCheck = 1520;
				LastUpgradeCheck = 1520;
				TargetAttributes = {
					D5FA198B2BDC5D7600C2527D = {
						CreatedOnToolsVersion = 15.2;
					};
					D5FA199B2BDC5D7800C2527D = {
						CreatedOnToolsVersion = 15.2;
						TestTargetID = D5FA198B2BDC5D7600C2527D;
					};
					D5FA19A52BDC5D7800C2527D = {
						CreatedOnToolsVersion = 15.2;
						TestTargetID = D5FA198B2BDC5D7600C2527D;
					};
				};
			};
			buildConfigurationList = D5FA19872BDC5D7600C2527D /* Build configuration list for PBXProject "MealExplorer" */;
			compatibilityVersion = "Xcode 14.0";
			developmentRegion = en;
			hasScannedForEncodings = 0;
			knownRegions = (
				en,
				Base,
			);
			mainGroup = D5FA19832BDC5D7600C2527D;
			productRefGroup = D5FA198D2BDC5D7600C2527D /* Products */;
			projectDirPath = "";
			projectRoot = "";
			targets = (
				D5FA198B2BDC5D7600C2527D /* MealExplorer */,
				D5FA199B2BDC5D7800C2527D /* MealExplorerTests */,
				D5FA19A52BDC5D7800C2527D /* MealExplorerUITests */,
			);
		};
/* End PBXProject section */

/* Begin PBXResourcesBuildPhase section */
		D5FA198A2BDC5D7600C2527D /* Resources */ = {
			isa = PBXResourcesBuildPhase;
			buildActionMask = 2147483647;
			files = (
				D5FA19972BDC5D7700C2527D /* Preview Assets.xcassets in Resources */,
				D5FA19942BDC5D7700C2527D /* Assets.xcassets in Resources */,
			);
			runOnlyForDeploymentPostprocessing = 0;
		};
		D5FA199A2BDC5D7800C2527D /* Resources */ = {
			isa = PBXResourcesBuildPhase;
			buildActionMask = 2147483647;
			files = (
			);
			runOnlyForDeploymentPostprocessing = 0;
		};
		D5FA19A42BDC5D7800C2527D /* Resources */ = {
			isa = PBXResourcesBuildPhase;
			buildActionMask = 2147483647;
			files = (
			);
			runOnlyForDeploymentPostprocessing = 0;
		};
/* End PBXResourcesBuildPhase section */

/* Begin PBXSourcesBuildPhase section */
		D5FA19882BDC5D7600C2527D /* Sources */ = {
			isa = PBXSourcesBuildPhase;
			buildActionMask = 2147483647;
			files = (
				D5FA19C92BDC618300C2527D /* MealDetailedService.swift in Sources */,
				D5FA19CC2BDC618E00C2527D /* MealDetailedView.swift in Sources */,
				D5FA19922BDC5D7600C2527D /* ContentView.swift in Sources */,
				D5FA19C82BDC618300C2527D /* MealService.swift in Sources */,
				D5FA19902BDC5D7600C2527D /* MealExplorerApp.swift in Sources */,
				D5FA19C42BDC617700C2527D /* MealDetailedViewModel.swift in Sources */,
				D5FA19C12BDC616500C2527D /* MealServiceProtocol.swift in Sources */,
				D5FA19C02BDC616500C2527D /* MealDetailedServiceProtocol.swift in Sources */,
				D5FA19C52BDC617700C2527D /* MealViewModel.swift in Sources */,
				D5FA19CD2BDC618E00C2527D /* MealView.swift in Sources */,
				D5FA19D02BDC619A00C2527D /* MealResponse.swift in Sources */,
				D5FA19D12BDC619A00C2527D /* MealDetailedResponse.swift in Sources */,
			);
			runOnlyForDeploymentPostprocessing = 0;
		};
		D5FA19982BDC5D7800C2527D /* Sources */ = {
			isa = PBXSourcesBuildPhase;
			buildActionMask = 2147483647;
			files = (
				D5FA19DD2BDC628900C2527D /* MockDetailedEmptyMealService.swift in Sources */,
				D5FA19DB2BDC628900C2527D /* MockMealService.swift in Sources */,
				D5FA19DC2BDC628900C2527D /* MockDetailedService.swift in Sources */,
				D54F3B462BDC73D5008D36E2 /* MealMateDetailedTests.swift in Sources */,
				D5FA19A12BDC5D7800C2527D /* MealExplorerTests.swift in Sources */,
				D5FA19D92BDC628900C2527D /* MockFailureService.swift in Sources */,
				D5FA19DA2BDC628900C2527D /* MockEmptyMealService.swift in Sources */,
				D5FA19D82BDC628900C2527D /* MockDetailedFailureMealService.swift in Sources */,
			);
			runOnlyForDeploymentPostprocessing = 0;
		};
		D5FA19A22BDC5D7800C2527D /* Sources */ = {
			isa = PBXSourcesBuildPhase;
			buildActionMask = 2147483647;
			files = (
				D5FA19AD2BDC5D7800C2527D /* MealExplorerUITestsLaunchTests.swift in Sources */,
				D5FA19AB2BDC5D7800C2527D /* MealExplorerUITests.swift in Sources */,
			);
			runOnlyForDeploymentPostprocessing = 0;
		};
/* End PBXSourcesBuildPhase section */

/* Begin PBXTargetDependency section */
		D5FA199E2BDC5D7800C2527D /* PBXTargetDependency */ = {
			isa = PBXTargetDependency;
			target = D5FA198B2BDC5D7600C2527D /* MealExplorer */;
			targetProxy = D5FA199D2BDC5D7800C2527D /* PBXContainerItemProxy */;
		};
		D5FA19A82BDC5D7800C2527D /* PBXTargetDependency */ = {
			isa = PBXTargetDependency;
			target = D5FA198B2BDC5D7600C2527D /* MealExplorer */;
			targetProxy = D5FA19A72BDC5D7800C2527D /* PBXContainerItemProxy */;
		};
/* End PBXTargetDependency section */

/* Begin XCBuildConfiguration section */
		D5FA19AE2BDC5D7800C2527D /* Debug */ = {
			isa = XCBuildConfiguration;
			buildSettings = {
				ALWAYS_SEARCH_USER_PATHS = NO;
				ASSETCATALOG_COMPILER_GENERATE_SWIFT_ASSET_SYMBOL_EXTENSIONS = YES;
				CLANG_ANALYZER_NONNULL = YES;
				CLANG_ANALYZER_NUMBER_OBJECT_CONVERSION = YES_AGGRESSIVE;
				CLANG_CXX_LANGUAGE_STANDARD = "gnu++20";
				CLANG_ENABLE_MODULES = YES;
				CLANG_ENABLE_OBJC_ARC = YES;
				CLANG_ENABLE_OBJC_WEAK = YES;
				CLANG_WARN_BLOCK_CAPTURE_AUTORELEASING = YES;
				CLANG_WARN_BOOL_CONVERSION = YES;
				CLANG_WARN_COMMA = YES;
				CLANG_WARN_CONSTANT_CONVERSION = YES;
				CLANG_WARN_DEPRECATED_OBJC_IMPLEMENTATIONS = YES;
				CLANG_WARN_DIRECT_OBJC_ISA_USAGE = YES_ERROR;
				CLANG_WARN_DOCUMENTATION_COMMENTS = YES;
				CLANG_WARN_EMPTY_BODY = YES;
				CLANG_WARN_ENUM_CONVERSION = YES;
				CLANG_WARN_INFINITE_RECURSION = YES;
				CLANG_WARN_INT_CONVERSION = YES;
				CLANG_WARN_NON_LITERAL_NULL_CONVERSION = YES;
				CLANG_WARN_OBJC_IMPLICIT_RETAIN_SELF = YES;
				CLANG_WARN_OBJC_LITERAL_CONVERSION = YES;
				CLANG_WARN_OBJC_ROOT_CLASS = YES_ERROR;
				CLANG_WARN_QUOTED_INCLUDE_IN_FRAMEWORK_HEADER = YES;
				CLANG_WARN_RANGE_LOOP_ANALYSIS = YES;
				CLANG_WARN_STRICT_PROTOTYPES = YES;
				CLANG_WARN_SUSPICIOUS_MOVE = YES;
				CLANG_WARN_UNGUARDED_AVAILABILITY = YES_AGGRESSIVE;
				CLANG_WARN_UNREACHABLE_CODE = YES;
				CLANG_WARN__DUPLICATE_METHOD_MATCH = YES;
				COPY_PHASE_STRIP = NO;
				DEBUG_INFORMATION_FORMAT = dwarf;
				ENABLE_STRICT_OBJC_MSGSEND = YES;
				ENABLE_TESTABILITY = YES;
				ENABLE_USER_SCRIPT_SANDBOXING = YES;
				GCC_C_LANGUAGE_STANDARD = gnu17;
				GCC_DYNAMIC_NO_PIC = NO;
				GCC_NO_COMMON_BLOCKS = YES;
				GCC_OPTIMIZATION_LEVEL = 0;
				GCC_PREPROCESSOR_DEFINITIONS = (
					"DEBUG=1",
					"$(inherited)",
				);
				GCC_WARN_64_TO_32_BIT_CONVERSION = YES;
				GCC_WARN_ABOUT_RETURN_TYPE = YES_ERROR;
				GCC_WARN_UNDECLARED_SELECTOR = YES;
				GCC_WARN_UNINITIALIZED_AUTOS = YES_AGGRESSIVE;
				GCC_WARN_UNUSED_FUNCTION = YES;
				GCC_WARN_UNUSED_VARIABLE = YES;
				IPHONEOS_DEPLOYMENT_TARGET = 17.2;
				LOCALIZATION_PREFERS_STRING_CATALOGS = YES;
				MTL_ENABLE_DEBUG_INFO = INCLUDE_SOURCE;
				MTL_FAST_MATH = YES;
				ONLY_ACTIVE_ARCH = YES;
				SDKROOT = iphoneos;
				SWIFT_ACTIVE_COMPILATION_CONDITIONS = "DEBUG $(inherited)";
				SWIFT_OPTIMIZATION_LEVEL = "-Onone";
			};
			name = Debug;
		};
		D5FA19AF2BDC5D7800C2527D /* Release */ = {
			isa = XCBuildConfiguration;
			buildSettings = {
				ALWAYS_SEARCH_USER_PATHS = NO;
				ASSETCATALOG_COMPILER_GENERATE_SWIFT_ASSET_SYMBOL_EXTENSIONS = YES;
				CLANG_ANALYZER_NONNULL = YES;
				CLANG_ANALYZER_NUMBER_OBJECT_CONVERSION = YES_AGGRESSIVE;
				CLANG_CXX_LANGUAGE_STANDARD = "gnu++20";
				CLANG_ENABLE_MODULES = YES;
				CLANG_ENABLE_OBJC_ARC = YES;
				CLANG_ENABLE_OBJC_WEAK = YES;
				CLANG_WARN_BLOCK_CAPTURE_AUTORELEASING = YES;
				CLANG_WARN_BOOL_CONVERSION = YES;
				CLANG_WARN_COMMA = YES;
				CLANG_WARN_CONSTANT_CONVERSION = YES;
				CLANG_WARN_DEPRECATED_OBJC_IMPLEMENTATIONS = YES;
				CLANG_WARN_DIRECT_OBJC_ISA_USAGE = YES_ERROR;
				CLANG_WARN_DOCUMENTATION_COMMENTS = YES;
				CLANG_WARN_EMPTY_BODY = YES;
				CLANG_WARN_ENUM_CONVERSION = YES;
				CLANG_WARN_INFINITE_RECURSION = YES;
				CLANG_WARN_INT_CONVERSION = YES;
				CLANG_WARN_NON_LITERAL_NULL_CONVERSION = YES;
				CLANG_WARN_OBJC_IMPLICIT_RETAIN_SELF = YES;
				CLANG_WARN_OBJC_LITERAL_CONVERSION = YES;
				CLANG_WARN_OBJC_ROOT_CLASS = YES_ERROR;
				CLANG_WARN_QUOTED_INCLUDE_IN_FRAMEWORK_HEADER = YES;
				CLANG_WARN_RANGE_LOOP_ANALYSIS = YES;
				CLANG_WARN_STRICT_PROTOTYPES = YES;
				CLANG_WARN_SUSPICIOUS_MOVE = YES;
				CLANG_WARN_UNGUARDED_AVAILABILITY = YES_AGGRESSIVE;
				CLANG_WARN_UNREACHABLE_CODE = YES;
				CLANG_WARN__DUPLICATE_METHOD_MATCH = YES;
				COPY_PHASE_STRIP = NO;
				DEBUG_INFORMATION_FORMAT = "dwarf-with-dsym";
				ENABLE_NS_ASSERTIONS = NO;
				ENABLE_STRICT_OBJC_MSGSEND = YES;
				ENABLE_USER_SCRIPT_SANDBOXING = YES;
				GCC_C_LANGUAGE_STANDARD = gnu17;
				GCC_NO_COMMON_BLOCKS = YES;
				GCC_WARN_64_TO_32_BIT_CONVERSION = YES;
				GCC_WARN_ABOUT_RETURN_TYPE = YES_ERROR;
				GCC_WARN_UNDECLARED_SELECTOR = YES;
				GCC_WARN_UNINITIALIZED_AUTOS = YES_AGGRESSIVE;
				GCC_WARN_UNUSED_FUNCTION = YES;
				GCC_WARN_UNUSED_VARIABLE = YES;
				IPHONEOS_DEPLOYMENT_TARGET = 17.2;
				LOCALIZATION_PREFERS_STRING_CATALOGS = YES;
				MTL_ENABLE_DEBUG_INFO = NO;
				MTL_FAST_MATH = YES;
				SDKROOT = iphoneos;
				SWIFT_COMPILATION_MODE = wholemodule;
				VALIDATE_PRODUCT = YES;
			};
			name = Release;
		};
		D5FA19B12BDC5D7800C2527D /* Debug */ = {
			isa = XCBuildConfiguration;
			buildSettings = {
				ASSETCATALOG_COMPILER_APPICON_NAME = AppIcon;
				ASSETCATALOG_COMPILER_GLOBAL_ACCENT_COLOR_NAME = AccentColor;
				CODE_SIGN_STYLE = Automatic;
				CURRENT_PROJECT_VERSION = 1;
				DEVELOPMENT_ASSET_PATHS = "\"MealExplorer/Preview Content\"";
				DEVELOPMENT_TEAM = KKL2F4F5H6;
				ENABLE_PREVIEWS = YES;
				GENERATE_INFOPLIST_FILE = YES;
				INFOPLIST_KEY_UIApplicationSceneManifest_Generation = YES;
				INFOPLIST_KEY_UIApplicationSupportsIndirectInputEvents = YES;
				INFOPLIST_KEY_UILaunchScreen_Generation = YES;
				INFOPLIST_KEY_UISupportedInterfaceOrientations_iPad = "UIInterfaceOrientationPortrait UIInterfaceOrientationPortraitUpsideDown UIInterfaceOrientationLandscapeLeft UIInterfaceOrientationLandscapeRight";
				INFOPLIST_KEY_UISupportedInterfaceOrientations_iPhone = "UIInterfaceOrientationPortrait UIInterfaceOrientationLandscapeLeft UIInterfaceOrientationLandscapeRight";
				LD_RUNPATH_SEARCH_PATHS = (
					"$(inherited)",
					"@executable_path/Frameworks",
				);
				MARKETING_VERSION = 1.0;
				PRODUCT_BUNDLE_IDENTIFIER = com.amulya.AmmuSwiftSolutions.MealExplorer;
				PRODUCT_NAME = "$(TARGET_NAME)";
				SWIFT_EMIT_LOC_STRINGS = YES;
				SWIFT_VERSION = 5.0;
				TARGETED_DEVICE_FAMILY = "1,2";
			};
			name = Debug;
		};
		D5FA19B22BDC5D7800C2527D /* Release */ = {
			isa = XCBuildConfiguration;
			buildSettings = {
				ASSETCATALOG_COMPILER_APPICON_NAME = AppIcon;
				ASSETCATALOG_COMPILER_GLOBAL_ACCENT_COLOR_NAME = AccentColor;
				CODE_SIGN_STYLE = Automatic;
				CURRENT_PROJECT_VERSION = 1;
				DEVELOPMENT_ASSET_PATHS = "\"MealExplorer/Preview Content\"";
				DEVELOPMENT_TEAM = KKL2F4F5H6;
				ENABLE_PREVIEWS = YES;
				GENERATE_INFOPLIST_FILE = YES;
				INFOPLIST_KEY_UIApplicationSceneManifest_Generation = YES;
				INFOPLIST_KEY_UIApplicationSupportsIndirectInputEvents = YES;
				INFOPLIST_KEY_UILaunchScreen_Generation = YES;
				INFOPLIST_KEY_UISupportedInterfaceOrientations_iPad = "UIInterfaceOrientationPortrait UIInterfaceOrientationPortraitUpsideDown UIInterfaceOrientationLandscapeLeft UIInterfaceOrientationLandscapeRight";
				INFOPLIST_KEY_UISupportedInterfaceOrientations_iPhone = "UIInterfaceOrientationPortrait UIInterfaceOrientationLandscapeLeft UIInterfaceOrientationLandscapeRight";
				LD_RUNPATH_SEARCH_PATHS = (
					"$(inherited)",
					"@executable_path/Frameworks",
				);
				MARKETING_VERSION = 1.0;
				PRODUCT_BUNDLE_IDENTIFIER = com.amulya.AmmuSwiftSolutions.MealExplorer;
				PRODUCT_NAME = "$(TARGET_NAME)";
				SWIFT_EMIT_LOC_STRINGS = YES;
				SWIFT_VERSION = 5.0;
				TARGETED_DEVICE_FAMILY = "1,2";
			};
			name = Release;
		};
		D5FA19B42BDC5D7800C2527D /* Debug */ = {
			isa = XCBuildConfiguration;
			buildSettings = {
				ALWAYS_EMBED_SWIFT_STANDARD_LIBRARIES = YES;
				BUNDLE_LOADER = "$(TEST_HOST)";
				CODE_SIGN_STYLE = Automatic;
				CURRENT_PROJECT_VERSION = 1;
				DEVELOPMENT_TEAM = KKL2F4F5H6;
				GENERATE_INFOPLIST_FILE = YES;
				IPHONEOS_DEPLOYMENT_TARGET = 17.2;
				MARKETING_VERSION = 1.0;
				PRODUCT_BUNDLE_IDENTIFIER = com.amulya.AmmuSwiftSolutions.MealExplorerTests;
				PRODUCT_NAME = "$(TARGET_NAME)";
				SWIFT_EMIT_LOC_STRINGS = NO;
				SWIFT_VERSION = 5.0;
				TARGETED_DEVICE_FAMILY = "1,2";
				TEST_HOST = "$(BUILT_PRODUCTS_DIR)/MealExplorer.app/$(BUNDLE_EXECUTABLE_FOLDER_PATH)/MealExplorer";
			};
			name = Debug;
		};
		D5FA19B52BDC5D7800C2527D /* Release */ = {
			isa = XCBuildConfiguration;
			buildSettings = {
				ALWAYS_EMBED_SWIFT_STANDARD_LIBRARIES = YES;
				BUNDLE_LOADER = "$(TEST_HOST)";
				CODE_SIGN_STYLE = Automatic;
				CURRENT_PROJECT_VERSION = 1;
				DEVELOPMENT_TEAM = KKL2F4F5H6;
				GENERATE_INFOPLIST_FILE = YES;
				IPHONEOS_DEPLOYMENT_TARGET = 17.2;
				MARKETING_VERSION = 1.0;
				PRODUCT_BUNDLE_IDENTIFIER = com.amulya.AmmuSwiftSolutions.MealExplorerTests;
				PRODUCT_NAME = "$(TARGET_NAME)";
				SWIFT_EMIT_LOC_STRINGS = NO;
				SWIFT_VERSION = 5.0;
				TARGETED_DEVICE_FAMILY = "1,2";
				TEST_HOST = "$(BUILT_PRODUCTS_DIR)/MealExplorer.app/$(BUNDLE_EXECUTABLE_FOLDER_PATH)/MealExplorer";
			};
			name = Release;
		};
		D5FA19B72BDC5D7800C2527D /* Debug */ = {
			isa = XCBuildConfiguration;
			buildSettings = {
				ALWAYS_EMBED_SWIFT_STANDARD_LIBRARIES = YES;
				CODE_SIGN_STYLE = Automatic;
				CURRENT_PROJECT_VERSION = 1;
				DEVELOPMENT_TEAM = KKL2F4F5H6;
				GENERATE_INFOPLIST_FILE = YES;
				MARKETING_VERSION = 1.0;
				PRODUCT_BUNDLE_IDENTIFIER = com.amulya.AmmuSwiftSolutions.MealExplorerUITests;
				PRODUCT_NAME = "$(TARGET_NAME)";
				SWIFT_EMIT_LOC_STRINGS = NO;
				SWIFT_VERSION = 5.0;
				TARGETED_DEVICE_FAMILY = "1,2";
				TEST_TARGET_NAME = MealExplorer;
			};
			name = Debug;
		};
		D5FA19B82BDC5D7800C2527D /* Release */ = {
			isa = XCBuildConfiguration;
			buildSettings = {
				ALWAYS_EMBED_SWIFT_STANDARD_LIBRARIES = YES;
				CODE_SIGN_STYLE = Automatic;
				CURRENT_PROJECT_VERSION = 1;
				DEVELOPMENT_TEAM = KKL2F4F5H6;
				GENERATE_INFOPLIST_FILE = YES;
				MARKETING_VERSION = 1.0;
				PRODUCT_BUNDLE_IDENTIFIER = com.amulya.AmmuSwiftSolutions.MealExplorerUITests;
				PRODUCT_NAME = "$(TARGET_NAME)";
				SWIFT_EMIT_LOC_STRINGS = NO;
				SWIFT_VERSION = 5.0;
				TARGETED_DEVICE_FAMILY = "1,2";
				TEST_TARGET_NAME = MealExplorer;
			};
			name = Release;
		};
/* End XCBuildConfiguration section */

/* Begin XCConfigurationList section */
		D5FA19872BDC5D7600C2527D /* Build configuration list for PBXProject "MealExplorer" */ = {
			isa = XCConfigurationList;
			buildConfigurations = (
				D5FA19AE2BDC5D7800C2527D /* Debug */,
				D5FA19AF2BDC5D7800C2527D /* Release */,
			);
			defaultConfigurationIsVisible = 0;
			defaultConfigurationName = Release;
		};
		D5FA19B02BDC5D7800C2527D /* Build configuration list for PBXNativeTarget "MealExplorer" */ = {
			isa = XCConfigurationList;
			buildConfigurations = (
				D5FA19B12BDC5D7800C2527D /* Debug */,
				D5FA19B22BDC5D7800C2527D /* Release */,
			);
			defaultConfigurationIsVisible = 0;
			defaultConfigurationName = Release;
		};
		D5FA19B32BDC5D7800C2527D /* Build configuration list for PBXNativeTarget "MealExplorerTests" */ = {
			isa = XCConfigurationList;
			buildConfigurations = (
				D5FA19B42BDC5D7800C2527D /* Debug */,
				D5FA19B52BDC5D7800C2527D /* Release */,
			);
			defaultConfigurationIsVisible = 0;
			defaultConfigurationName = Release;
		};
		D5FA19B62BDC5D7800C2527D /* Build configuration list for PBXNativeTarget "MealExplorerUITests" */ = {
			isa = XCConfigurationList;
			buildConfigurations = (
				D5FA19B72BDC5D7800C2527D /* Debug */,
				D5FA19B82BDC5D7800C2527D /* Release */,
			);
			defaultConfigurationIsVisible = 0;
			defaultConfigurationName = Release;
		};
/* End XCConfigurationList section */
	};
	rootObject = D5FA19842BDC5D7600C2527D /* Project object */;
}
